
Microsoft Visual Studio Solution File, Format Version 12.00
# Visual Studio Version 17
VisualStudioVersion = 17.7.34221.43
MinimumVisualStudioVersion = 10.0.40219.1
Project("{FAE04EC0-301F-11D3-BF4B-00C04F79EFBC}") = "Ejercicio03", "Ejercicio03\Ejercicio03.csproj", "{EBB4E76A-28B0-49A3-A152-1DA429CB6616}"
EndProject
Global
	GlobalSection(SolutionConfigurationPlatforms) = preSolution
		Debug|Any CPU = Debug|Any CPU
		Release|Any CPU = Release|Any CPU
	EndGlobalSection
	GlobalSection(ProjectConfigurationPlatforms) = postSolution
		{EBB4E76A-28B0-49A3-A152-1DA429CB6616}.Debug|Any CPU.ActiveCfg = Debug|Any CPU
		{EBB4E76A-28B0-49A3-A152-1DA429CB6616}.Debug|Any CPU.Build.0 = Debug|Any CPU
		{EBB4E76A-28B0-49A3-A152-1DA429CB6616}.Release|Any CPU.ActiveCfg = Release|Any CPU
		{EBB4E76A-28B0-49A3-A152-1DA429CB6616}.Release|Any CPU.Build.0 = Release|Any CPU
	EndGlobalSection
	GlobalSection(SolutionProperties) = preSolution
		HideSolutionNode = FALSE
	EndGlobalSection
	GlobalSection(ExtensibilityGlobals) = postSolution
		SolutionGuid = {0443E2F9-7A57-44A0-BB1A-DB8D7850293C}
	EndGlobalSection
EndGlobal
