
Microsoft Visual Studio Solution File, Format Version 12.00
# Visual Studio Version 17
VisualStudioVersion = 17.7.34031.279
MinimumVisualStudioVersion = 10.0.40219.1
Project("{9A19103F-16F7-4668-BE54-9A1E7A4F7556}") = "Entities", "Entities\Entities.csproj", "{39E631C8-1D26-404C-9128-979B6CF04790}"
EndProject
Project("{9A19103F-16F7-4668-BE54-9A1E7A4F7556}") = "DAL", "DAL\DAL.csproj", "{5BEE238A-7E18-456D-A85B-994B314617C8}"
EndProject
Project("{9A19103F-16F7-4668-BE54-9A1E7A4F7556}") = "BL", "BL\BL.csproj", "{CAB6FAFD-F202-4D40-95B2-1BBB123C3785}"
EndProject
Project("{9A19103F-16F7-4668-BE54-9A1E7A4F7556}") = "IU", "IU\IU.csproj", "{5E0439A9-2BA9-42C6-AE5A-7C42B6E965E9}"
EndProject
Global
	GlobalSection(SolutionConfigurationPlatforms) = preSolution
		Debug|Any CPU = Debug|Any CPU
		Release|Any CPU = Release|Any CPU
	EndGlobalSection
	GlobalSection(ProjectConfigurationPlatforms) = postSolution
		{39E631C8-1D26-404C-9128-979B6CF04790}.Debug|Any CPU.ActiveCfg = Debug|Any CPU
		{39E631C8-1D26-404C-9128-979B6CF04790}.Debug|Any CPU.Build.0 = Debug|Any CPU
		{39E631C8-1D26-404C-9128-979B6CF04790}.Release|Any CPU.ActiveCfg = Release|Any CPU
		{39E631C8-1D26-404C-9128-979B6CF04790}.Release|Any CPU.Build.0 = Release|Any CPU
		{5BEE238A-7E18-456D-A85B-994B314617C8}.Debug|Any CPU.ActiveCfg = Debug|Any CPU
		{5BEE238A-7E18-456D-A85B-994B314617C8}.Debug|Any CPU.Build.0 = Debug|Any CPU
		{5BEE238A-7E18-456D-A85B-994B314617C8}.Release|Any CPU.ActiveCfg = Release|Any CPU
		{5BEE238A-7E18-456D-A85B-994B314617C8}.Release|Any CPU.Build.0 = Release|Any CPU
		{CAB6FAFD-F202-4D40-95B2-1BBB123C3785}.Debug|Any CPU.ActiveCfg = Debug|Any CPU
		{CAB6FAFD-F202-4D40-95B2-1BBB123C3785}.Debug|Any CPU.Build.0 = Debug|Any CPU
		{CAB6FAFD-F202-4D40-95B2-1BBB123C3785}.Release|Any CPU.ActiveCfg = Release|Any CPU
		{CAB6FAFD-F202-4D40-95B2-1BBB123C3785}.Release|Any CPU.Build.0 = Release|Any CPU
		{5E0439A9-2BA9-42C6-AE5A-7C42B6E965E9}.Debug|Any CPU.ActiveCfg = Debug|Any CPU
		{5E0439A9-2BA9-42C6-AE5A-7C42B6E965E9}.Debug|Any CPU.Build.0 = Debug|Any CPU
		{5E0439A9-2BA9-42C6-AE5A-7C42B6E965E9}.Release|Any CPU.ActiveCfg = Release|Any CPU
		{5E0439A9-2BA9-42C6-AE5A-7C42B6E965E9}.Release|Any CPU.Build.0 = Release|Any CPU
	EndGlobalSection
	GlobalSection(SolutionProperties) = preSolution
		HideSolutionNode = FALSE
	EndGlobalSection
	GlobalSection(ExtensibilityGlobals) = postSolution
		SolutionGuid = {8CE366E3-1ABA-49BA-92A1-988304794A36}
	EndGlobalSection
EndGlobal
